// !$*UTF8*$!
{
	archiveVersion = 1;
	classes = {
	};
	objectVersion = 50;
	objects = {

/* Begin PBXBuildFile section */
		D43379042490A65A009288D8 /* SignUpViewController.swift in Sources */ = {isa = PBXBuildFile; fileRef = D43379032490A65A009288D8 /* SignUpViewController.swift */; };
		D479725F2490AFE300E98B07 /* Extensions.swift in Sources */ = {isa = PBXBuildFile; fileRef = D479725E2490AFE300E98B07 /* Extensions.swift */; };
		D47972612490B23E00E98B07 /* Constants.swift in Sources */ = {isa = PBXBuildFile; fileRef = D47972602490B23E00E98B07 /* Constants.swift */; };
		DBC18C46248416290081CDBE /* AppDelegate.swift in Sources */ = {isa = PBXBuildFile; fileRef = DBC18C45248416290081CDBE /* AppDelegate.swift */; };
		DBC18C48248416290081CDBE /* SceneDelegate.swift in Sources */ = {isa = PBXBuildFile; fileRef = DBC18C47248416290081CDBE /* SceneDelegate.swift */; };
		DBC18C4A248416290081CDBE /* ViewController.swift in Sources */ = {isa = PBXBuildFile; fileRef = DBC18C49248416290081CDBE /* ViewController.swift */; };
		DBC18C4D248416290081CDBE /* Main.storyboard in Resources */ = {isa = PBXBuildFile; fileRef = DBC18C4B248416290081CDBE /* Main.storyboard */; };
		DBC18C4F248416340081CDBE /* Assets.xcassets in Resources */ = {isa = PBXBuildFile; fileRef = DBC18C4E248416340081CDBE /* Assets.xcassets */; };
		DBC18C52248416340081CDBE /* LaunchScreen.storyboard in Resources */ = {isa = PBXBuildFile; fileRef = DBC18C50248416340081CDBE /* LaunchScreen.storyboard */; };
/* End PBXBuildFile section */

/* Begin PBXFileReference section */
		D43379032490A65A009288D8 /* SignUpViewController.swift */ = {isa = PBXFileReference; lastKnownFileType = sourcecode.swift; path = SignUpViewController.swift; sourceTree = "<group>"; };
		D479725E2490AFE300E98B07 /* Extensions.swift */ = {isa = PBXFileReference; lastKnownFileType = sourcecode.swift; path = Extensions.swift; sourceTree = "<group>"; };
		D47972602490B23E00E98B07 /* Constants.swift */ = {isa = PBXFileReference; lastKnownFileType = sourcecode.swift; path = Constants.swift; sourceTree = "<group>"; };
		DBC18C42248416290081CDBE /* Alankrutha Collections.app */ = {isa = PBXFileReference; explicitFileType = wrapper.application; includeInIndex = 0; path = "Alankrutha Collections.app"; sourceTree = BUILT_PRODUCTS_DIR; };
		DBC18C45248416290081CDBE /* AppDelegate.swift */ = {isa = PBXFileReference; lastKnownFileType = sourcecode.swift; path = AppDelegate.swift; sourceTree = "<group>"; };
		DBC18C47248416290081CDBE /* SceneDelegate.swift */ = {isa = PBXFileReference; lastKnownFileType = sourcecode.swift; path = SceneDelegate.swift; sourceTree = "<group>"; };
		DBC18C49248416290081CDBE /* ViewController.swift */ = {isa = PBXFileReference; lastKnownFileType = sourcecode.swift; path = ViewController.swift; sourceTree = "<group>"; };
		DBC18C4C248416290081CDBE /* Base */ = {isa = PBXFileReference; lastKnownFileType = file.storyboard; name = Base; path = Base.lproj/Main.storyboard; sourceTree = "<group>"; };
		DBC18C4E248416340081CDBE /* Assets.xcassets */ = {isa = PBXFileReference; lastKnownFileType = folder.assetcatalog; path = Assets.xcassets; sourceTree = "<group>"; };
		DBC18C51248416340081CDBE /* Base */ = {isa = PBXFileReference; lastKnownFileType = file.storyboard; name = Base; path = Base.lproj/LaunchScreen.storyboard; sourceTree = "<group>"; };
		DBC18C53248416340081CDBE /* Info.plist */ = {isa = PBXFileReference; lastKnownFileType = text.plist.xml; path = Info.plist; sourceTree = "<group>"; };
/* End PBXFileReference section */

/* Begin PBXFrameworksBuildPhase section */
		DBC18C3F248416290081CDBE /* Frameworks */ = {
			isa = PBXFrameworksBuildPhase;
			buildActionMask = 2147483647;
			files = (
			);
			runOnlyForDeploymentPostprocessing = 0;
		};
/* End PBXFrameworksBuildPhase section */

/* Begin PBXGroup section */
		D43379052490A693009288D8 /* Controllers */ = {
			isa = PBXGroup;
			children = (
				DBC18C49248416290081CDBE /* ViewController.swift */,
				D43379032490A65A009288D8 /* SignUpViewController.swift */,
			);
			path = Controllers;
			sourceTree = "<group>";
		};
		D479725D2490AFBA00E98B07 /* Extensions */ = {
			isa = PBXGroup;
			children = (
				D479725E2490AFE300E98B07 /* Extensions.swift */,
			);
			path = Extensions;
			sourceTree = "<group>";
		};
		D47972622490B24600E98B07 /* Constants */ = {
			isa = PBXGroup;
			children = (
				D47972602490B23E00E98B07 /* Constants.swift */,
			);
			path = Constants;
			sourceTree = "<group>";
		};
		DBC18C39248416290081CDBE = {
			isa = PBXGroup;
			children = (
				DBC18C44248416290081CDBE /* Alankrutha Collections */,
				DBC18C43248416290081CDBE /* Products */,
			);
			sourceTree = "<group>";
		};
		DBC18C43248416290081CDBE /* Products */ = {
			isa = PBXGroup;
			children = (
				DBC18C42248416290081CDBE /* Alankrutha Collections.app */,
			);
			name = Products;
			sourceTree = "<group>";
		};
		DBC18C44248416290081CDBE /* Alankrutha Collections */ = {
			isa = PBXGroup;
			children = (
				D47972622490B24600E98B07 /* Constants */,
				D479725D2490AFBA00E98B07 /* Extensions */,
				DBC18C45248416290081CDBE /* AppDelegate.swift */,
				DBC18C47248416290081CDBE /* SceneDelegate.swift */,
				D43379052490A693009288D8 /* Controllers */,
				DBC18C4B248416290081CDBE /* Main.storyboard */,
				DBC18C4E248416340081CDBE /* Assets.xcassets */,
				DBC18C50248416340081CDBE /* LaunchScreen.storyboard */,
				DBC18C53248416340081CDBE /* Info.plist */,
			);
			path = "Alankrutha Collections";
			sourceTree = "<group>";
		};
/* End PBXGroup section */

/* Begin PBXNativeTarget section */
		DBC18C41248416290081CDBE /* Alankrutha Collections */ = {
			isa = PBXNativeTarget;
			buildConfigurationList = DBC18C56248416340081CDBE /* Build configuration list for PBXNativeTarget "Alankrutha Collections" */;
			buildPhases = (
				DBC18C3E248416290081CDBE /* Sources */,
				DBC18C3F248416290081CDBE /* Frameworks */,
				DBC18C40248416290081CDBE /* Resources */,
			);
			buildRules = (
			);
			dependencies = (
			);
			name = "Alankrutha Collections";
			productName = "Alankrutha Collections";
			productReference = DBC18C42248416290081CDBE /* Alankrutha Collections.app */;
			productType = "com.apple.product-type.application";
		};
/* End PBXNativeTarget section */

/* Begin PBXProject section */
		DBC18C3A248416290081CDBE /* Project object */ = {
			isa = PBXProject;
			attributes = {
				LastSwiftUpdateCheck = 1100;
				LastUpgradeCheck = 1100;
				ORGANIZATIONNAME = Alankrutha;
				TargetAttributes = {
					DBC18C41248416290081CDBE = {
						CreatedOnToolsVersion = 11.0;
					};
				};
			};
			buildConfigurationList = DBC18C3D248416290081CDBE /* Build configuration list for PBXProject "Alankrutha Collections" */;
			compatibilityVersion = "Xcode 9.3";
			developmentRegion = en;
			hasScannedForEncodings = 0;
			knownRegions = (
				en,
				Base,
			);
			mainGroup = DBC18C39248416290081CDBE;
			productRefGroup = DBC18C43248416290081CDBE /* Products */;
			projectDirPath = "";
			projectRoot = "";
			targets = (
				DBC18C41248416290081CDBE /* Alankrutha Collections */,
			);
		};
/* End PBXProject section */

/* Begin PBXResourcesBuildPhase section */
		DBC18C40248416290081CDBE /* Resources */ = {
			isa = PBXResourcesBuildPhase;
			buildActionMask = 2147483647;
			files = (
				DBC18C52248416340081CDBE /* LaunchScreen.storyboard in Resources */,
				DBC18C4F248416340081CDBE /* Assets.xcassets in Resources */,
				DBC18C4D248416290081CDBE /* Main.storyboard in Resources */,
			);
			runOnlyForDeploymentPostprocessing = 0;
		};
/* End PBXResourcesBuildPhase section */

/* Begin PBXSourcesBuildPhase section */
		DBC18C3E248416290081CDBE /* Sources */ = {
			isa = PBXSourcesBuildPhase;
			buildActionMask = 2147483647;
			files = (
				D479725F2490AFE300E98B07 /* Extensions.swift in Sources */,
				DBC18C4A248416290081CDBE /* ViewController.swift in Sources */,
				DBC18C46248416290081CDBE /* AppDelegate.swift in Sources */,
				D43379042490A65A009288D8 /* SignUpViewController.swift in Sources */,
				DBC18C48248416290081CDBE /* SceneDelegate.swift in Sources */,
				D47972612490B23E00E98B07 /* Constants.swift in Sources */,
			);
			runOnlyForDeploymentPostprocessing = 0;
		};
/* End PBXSourcesBuildPhase section */

/* Begin PBXVariantGroup section */
		DBC18C4B248416290081CDBE /* Main.storyboard */ = {
			isa = PBXVariantGroup;
			children = (
				DBC18C4C248416290081CDBE /* Base */,
			);
			name = Main.storyboard;
			sourceTree = "<group>";
		};
		DBC18C50248416340081CDBE /* LaunchScreen.storyboard */ = {
			isa = PBXVariantGroup;
			children = (
				DBC18C51248416340081CDBE /* Base */,
			);
			name = LaunchScreen.storyboard;
			sourceTree = "<group>";
		};
/* End PBXVariantGroup section */

/* Begin XCBuildConfiguration section */
		DBC18C54248416340081CDBE /* Debug */ = {
			isa = XCBuildConfiguration;
			buildSettings = {
				ALWAYS_SEARCH_USER_PATHS = NO;
				CLANG_ANALYZER_NONNULL = YES;
				CLANG_ANALYZER_NUMBER_OBJECT_CONVERSION = YES_AGGRESSIVE;
				CLANG_CXX_LANGUAGE_STANDARD = "gnu++14";
				CLANG_CXX_LIBRARY = "libc++";
				CLANG_ENABLE_MODULES = YES;
				CLANG_ENABLE_OBJC_ARC = YES;
				CLANG_ENABLE_OBJC_WEAK = YES;
				CLANG_WARN_BLOCK_CAPTURE_AUTORELEASING = YES;
				CLANG_WARN_BOOL_CONVERSION = YES;
				CLANG_WARN_COMMA = YES;
				CLANG_WARN_CONSTANT_CONVERSION = YES;
				CLANG_WARN_DEPRECATED_OBJC_IMPLEMENTATIONS = YES;
				CLANG_WARN_DIRECT_OBJC_ISA_USAGE = YES_ERROR;
				CLANG_WARN_DOCUMENTATION_COMMENTS = YES;
				CLANG_WARN_EMPTY_BODY = YES;
				CLANG_WARN_ENUM_CONVERSION = YES;
				CLANG_WARN_INFINITE_RECURSION = YES;
				CLANG_WARN_INT_CONVERSION = YES;
				CLANG_WARN_NON_LITERAL_NULL_CONVERSION = YES;
				CLANG_WARN_OBJC_IMPLICIT_RETAIN_SELF = YES;
				CLANG_WARN_OBJC_LITERAL_CONVERSION = YES;
				CLANG_WARN_OBJC_ROOT_CLASS = YES_ERROR;
				CLANG_WARN_RANGE_LOOP_ANALYSIS = YES;
				CLANG_WARN_STRICT_PROTOTYPES = YES;
				CLANG_WARN_SUSPICIOUS_MOVE = YES;
				CLANG_WARN_UNGUARDED_AVAILABILITY = YES_AGGRESSIVE;
				CLANG_WARN_UNREACHABLE_CODE = YES;
				CLANG_WARN__DUPLICATE_METHOD_MATCH = YES;
				COPY_PHASE_STRIP = NO;
				DEBUG_INFORMATION_FORMAT = dwarf;
				ENABLE_STRICT_OBJC_MSGSEND = YES;
				ENABLE_TESTABILITY = YES;
				GCC_C_LANGUAGE_STANDARD = gnu11;
				GCC_DYNAMIC_NO_PIC = NO;
				GCC_NO_COMMON_BLOCKS = YES;
				GCC_OPTIMIZATION_LEVEL = 0;
				GCC_PREPROCESSOR_DEFINITIONS = (
					"DEBUG=1",
					"$(inherited)",
				);
				GCC_WARN_64_TO_32_BIT_CONVERSION = YES;
				GCC_WARN_ABOUT_RETURN_TYPE = YES_ERROR;
				GCC_WARN_UNDECLARED_SELECTOR = YES;
				GCC_WARN_UNINITIALIZED_AUTOS = YES_AGGRESSIVE;
				GCC_WARN_UNUSED_FUNCTION = YES;
				GCC_WARN_UNUSED_VARIABLE = YES;
				IPHONEOS_DEPLOYMENT_TARGET = 13.0;
				MTL_ENABLE_DEBUG_INFO = INCLUDE_SOURCE;
				MTL_FAST_MATH = YES;
				ONLY_ACTIVE_ARCH = YES;
				SDKROOT = iphoneos;
				SWIFT_ACTIVE_COMPILATION_CONDITIONS = DEBUG;
				SWIFT_OPTIMIZATION_LEVEL = "-Onone";
			};
			name = Debug;
		};
		DBC18C55248416340081CDBE /* Release */ = {
			isa = XCBuildConfiguration;
			buildSettings = {
				ALWAYS_SEARCH_USER_PATHS = NO;
				CLANG_ANALYZER_NONNULL = YES;
				CLANG_ANALYZER_NUMBER_OBJECT_CONVERSION = YES_AGGRESSIVE;
				CLANG_CXX_LANGUAGE_STANDARD = "gnu++14";
				CLANG_CXX_LIBRARY = "libc++";
				CLANG_ENABLE_MODULES = YES;
				CLANG_ENABLE_OBJC_ARC = YES;
				CLANG_ENABLE_OBJC_WEAK = YES;
				CLANG_WARN_BLOCK_CAPTURE_AUTORELEASING = YES;
				CLANG_WARN_BOOL_CONVERSION = YES;
				CLANG_WARN_COMMA = YES;
				CLANG_WARN_CONSTANT_CONVERSION = YES;
				CLANG_WARN_DEPRECATED_OBJC_IMPLEMENTATIONS = YES;
				CLANG_WARN_DIRECT_OBJC_ISA_USAGE = YES_ERROR;
				CLANG_WARN_DOCUMENTATION_COMMENTS = YES;
				CLANG_WARN_EMPTY_BODY = YES;
				CLANG_WARN_ENUM_CONVERSION = YES;
				CLANG_WARN_INFINITE_RECURSION = YES;
				CLANG_WARN_INT_CONVERSION = YES;
				CLANG_WARN_NON_LITERAL_NULL_CONVERSION = YES;
				CLANG_WARN_OBJC_IMPLICIT_RETAIN_SELF = YES;
				CLANG_WARN_OBJC_LITERAL_CONVERSION = YES;
				CLANG_WARN_OBJC_ROOT_CLASS = YES_ERROR;
				CLANG_WARN_RANGE_LOOP_ANALYSIS = YES;
				CLANG_WARN_STRICT_PROTOTYPES = YES;
				CLANG_WARN_SUSPICIOUS_MOVE = YES;
				CLANG_WARN_UNGUARDED_AVAILABILITY = YES_AGGRESSIVE;
				CLANG_WARN_UNREACHABLE_CODE = YES;
				CLANG_WARN__DUPLICATE_METHOD_MATCH = YES;
				COPY_PHASE_STRIP = NO;
				DEBUG_INFORMATION_FORMAT = "dwarf-with-dsym";
				ENABLE_NS_ASSERTIONS = NO;
				ENABLE_STRICT_OBJC_MSGSEND = YES;
				GCC_C_LANGUAGE_STANDARD = gnu11;
				GCC_NO_COMMON_BLOCKS = YES;
				GCC_WARN_64_TO_32_BIT_CONVERSION = YES;
				GCC_WARN_ABOUT_RETURN_TYPE = YES_ERROR;
				GCC_WARN_UNDECLARED_SELECTOR = YES;
				GCC_WARN_UNINITIALIZED_AUTOS = YES_AGGRESSIVE;
				GCC_WARN_UNUSED_FUNCTION = YES;
				GCC_WARN_UNUSED_VARIABLE = YES;
				IPHONEOS_DEPLOYMENT_TARGET = 13.0;
				MTL_ENABLE_DEBUG_INFO = NO;
				MTL_FAST_MATH = YES;
				SDKROOT = iphoneos;
				SWIFT_COMPILATION_MODE = wholemodule;
				SWIFT_OPTIMIZATION_LEVEL = "-O";
				VALIDATE_PRODUCT = YES;
			};
			name = Release;
		};
		DBC18C57248416340081CDBE /* Debug */ = {
			isa = XCBuildConfiguration;
			buildSettings = {
				ASSETCATALOG_COMPILER_APPICON_NAME = AppIcon;
				CODE_SIGN_STYLE = Automatic;
				INFOPLIST_FILE = "Alankrutha Collections/Info.plist";
				LD_RUNPATH_SEARCH_PATHS = (
					"$(inherited)",
					"@executable_path/Frameworks",
				);
				PRODUCT_BUNDLE_IDENTIFIER = "com.alankrutha.Alankrutha-Collections";
				PRODUCT_NAME = "$(TARGET_NAME)";
				SWIFT_VERSION = 5.0;
				TARGETED_DEVICE_FAMILY = "1,2";
			};
			name = Debug;
		};
		DBC18C58248416340081CDBE /* Release */ = {
			isa = XCBuildConfiguration;
			buildSettings = {
				ASSETCATALOG_COMPILER_APPICON_NAME = AppIcon;
				CODE_SIGN_STYLE = Automatic;
				INFOPLIST_FILE = "Alankrutha Collections/Info.plist";
				LD_RUNPATH_SEARCH_PATHS = (
					"$(inherited)",
					"@executable_path/Frameworks",
				);
				PRODUCT_BUNDLE_IDENTIFIER = "com.alankrutha.Alankrutha-Collections";
				PRODUCT_NAME = "$(TARGET_NAME)";
				SWIFT_VERSION = 5.0;
				TARGETED_DEVICE_FAMILY = "1,2";
			};
			name = Release;
		};
/* End XCBuildConfiguration section */

/* Begin XCConfigurationList section */
		DBC18C3D248416290081CDBE /* Build configuration list for PBXProject "Alankrutha Collections" */ = {
			isa = XCConfigurationList;
			buildConfigurations = (
				DBC18C54248416340081CDBE /* Debug */,
				DBC18C55248416340081CDBE /* Release */,
			);
			defaultConfigurationIsVisible = 0;
			defaultConfigurationName = Release;
		};
		DBC18C56248416340081CDBE /* Build configuration list for PBXNativeTarget "Alankrutha Collections" */ = {
			isa = XCConfigurationList;
			buildConfigurations = (
				DBC18C57248416340081CDBE /* Debug */,
				DBC18C58248416340081CDBE /* Release */,
			);
			defaultConfigurationIsVisible = 0;
			defaultConfigurationName = Release;
		};
/* End XCConfigurationList section */
	};
	rootObject = DBC18C3A248416290081CDBE /* Project object */;
}
